
Microsoft Visual Studio Solution File, Format Version 12.00
# Visual Studio Version 17
VisualStudioVersion = 17.8.34330.188
MinimumVisualStudioVersion = 10.0.40219.1
Project("{FAE04EC0-301F-11D3-BF4B-00C04F79EFBC}") = "tenpis", "tenpis\tenpis.csproj", "{29F6B53B-DFEC-4064-99B0-DF83F7439CDB}"
EndProject
Global
	GlobalSection(SolutionConfigurationPlatforms) = preSolution
		Debug|Any CPU = Debug|Any CPU
		Release|Any CPU = Release|Any CPU
	EndGlobalSection
	GlobalSection(ProjectConfigurationPlatforms) = postSolution
		{29F6B53B-DFEC-4064-99B0-DF83F7439CDB}.Debug|Any CPU.ActiveCfg = Debug|Any CPU
		{29F6B53B-DFEC-4064-99B0-DF83F7439CDB}.Debug|Any CPU.Build.0 = Debug|Any CPU
		{29F6B53B-DFEC-4064-99B0-DF83F7439CDB}.Release|Any CPU.ActiveCfg = Release|Any CPU
		{29F6B53B-DFEC-4064-99B0-DF83F7439CDB}.Release|Any CPU.Build.0 = Release|Any CPU
	EndGlobalSection
	GlobalSection(SolutionProperties) = preSolution
		HideSolutionNode = FALSE
	EndGlobalSection
	GlobalSection(ExtensibilityGlobals) = postSolution
		SolutionGuid = {21703644-53E1-4D5A-90AE-EE9B0F684094}
	EndGlobalSection
EndGlobal
